using System;
using System.Collections.Generic;
using System.Linq;
using System.Text;
using System.Threading.Tasks;

namespace Ex5
{
    internal class Program
    {
        static void Main(string[] args)
        {
            //Bai5
            Console.OutputEncoding = Encoding.Unicode;
            Console.WriteLine("Bài 5:");
            Console.WriteLine("Nhập số nguyên m: ");
            int m = int.Parse(Console.ReadLine());
            Console.WriteLine("Nhập số nguyên n: ");
            int n = int.Parse(Console.ReadLine());
            int l = m;
            int k = n;
            int h = 0;
            while (m != n)
            {
                if (m > n)
                {
                    m = m - n;
                }
                else
                {
                    n = n - m;
                }
                h++;
                Console.WriteLine("Vòng lặp thứ: " + h);
                Console.WriteLine("m: " + m);
                Console.WriteLine("n: " + n);

            }
            Console.WriteLine("Ước chung lớn nhất của 2 số {0} và {1} là: {2}", l, k, n);
            Console.ReadKey();
        }
    }
}
