using System;
using System.Collections.Generic;
using System.Linq;
using System.Text;
using System.Threading.Tasks;

namespace Ex1
{
    internal class Program
    {
        static void Main(string[] args)
        {
            //Bai1
            Console.OutputEncoding = Encoding.Unicode;
            Console.OutputEncoding = Encoding.UTF8;
            int n, i;
            Console.Write("Nhập n : ");
            n = int.Parse(Console.ReadLine());
            int sum = 0;
            for (i = 1; i <= n; i++)
            {
                sum = sum + i;
            }
            Console.WriteLine("Tổng là {0}", sum);
        }
    }
}
