using System;
using System.Collections.Generic;
using System.Linq;
using System.Text;
using System.Threading.Tasks;

namespace Ex3
{
    internal class Program
    {
        static void Main(string[] args)
        {
            //Bai3
            Console.OutputEncoding = Encoding.Unicode;
            Console.WriteLine("Bài 3:");
            int n;
            Console.WriteLine("Nhập số nguyên n: ");
            n = Convert.ToInt32(Console.ReadLine());
            int i = 1;
            while (i < n)
            {
                if (i % 2 != 0)
                {
                    Console.WriteLine(i);
                }
                i++;
            }
        }
    }
}
