
Microsoft Visual Studio Solution File, Format Version 12.00
# Visual Studio Version 17
VisualStudioVersion = 17.8.34316.72
MinimumVisualStudioVersion = 10.0.40219.1
Project("{FAE04EC0-301F-11D3-BF4B-00C04F79EFBC}") = "Vòng lặp _ Bài 5", "Vòng lặp _ Bài 5\Vòng lặp _ Bài 5.csproj", "{13802DA1-EAB2-458E-A0C9-A5AAE94F9B90}"
EndProject
Global
	GlobalSection(SolutionConfigurationPlatforms) = preSolution
		Debug|Any CPU = Debug|Any CPU
		Release|Any CPU = Release|Any CPU
	EndGlobalSection
	GlobalSection(ProjectConfigurationPlatforms) = postSolution
		{13802DA1-EAB2-458E-A0C9-A5AAE94F9B90}.Debug|Any CPU.ActiveCfg = Debug|Any CPU
		{13802DA1-EAB2-458E-A0C9-A5AAE94F9B90}.Debug|Any CPU.Build.0 = Debug|Any CPU
		{13802DA1-EAB2-458E-A0C9-A5AAE94F9B90}.Release|Any CPU.ActiveCfg = Release|Any CPU
		{13802DA1-EAB2-458E-A0C9-A5AAE94F9B90}.Release|Any CPU.Build.0 = Release|Any CPU
	EndGlobalSection
	GlobalSection(SolutionProperties) = preSolution
		HideSolutionNode = FALSE
	EndGlobalSection
	GlobalSection(ExtensibilityGlobals) = postSolution
		SolutionGuid = {49767A9C-45D0-4BB6-98FC-F09C7BBE9A80}
	EndGlobalSection
EndGlobal
